
Microsoft Visual Studio Solution File, Format Version 12.00
# Visual Studio Version 16
VisualStudioVersion = 16.0.31829.152
MinimumVisualStudioVersion = 10.0.40219.1
Project("{FAE04EC0-301F-11D3-BF4B-00C04F79EFBC}") = "ClasesUdemy", "ClasesUdemy\ClasesUdemy.csproj", "{5D03D2C2-5EAC-4F4A-BD17-4F2076F00BB6}"
EndProject
Global
	GlobalSection(SolutionConfigurationPlatforms) = preSolution
		Debug|Any CPU = Debug|Any CPU
		Release|Any CPU = Release|Any CPU
	EndGlobalSection
	GlobalSection(ProjectConfigurationPlatforms) = postSolution
		{5D03D2C2-5EAC-4F4A-BD17-4F2076F00BB6}.Debug|Any CPU.ActiveCfg = Debug|Any CPU
		{5D03D2C2-5EAC-4F4A-BD17-4F2076F00BB6}.Debug|Any CPU.Build.0 = Debug|Any CPU
		{5D03D2C2-5EAC-4F4A-BD17-4F2076F00BB6}.Release|Any CPU.ActiveCfg = Release|Any CPU
		{5D03D2C2-5EAC-4F4A-BD17-4F2076F00BB6}.Release|Any CPU.Build.0 = Release|Any CPU
	EndGlobalSection
	GlobalSection(SolutionProperties) = preSolution
		HideSolutionNode = FALSE
	EndGlobalSection
	GlobalSection(ExtensibilityGlobals) = postSolution
		SolutionGuid = {60D1D032-EEDA-4FC3-AA87-533B29D6A287}
	EndGlobalSection
EndGlobal
